
Microsoft Visual Studio Solution File, Format Version 12.00
# Visual Studio Version 17
VisualStudioVersion = 17.8.34316.72
MinimumVisualStudioVersion = 10.0.40219.1
Project("{9A19103F-16F7-4668-BE54-9A1E7A4F7556}") = "BulkyWeb", "BulkyWeb\BulkyWeb.csproj", "{FD53034D-9062-4CD5-A722-E0AB84DAAE50}"
EndProject
Project("{FAE04EC0-301F-11D3-BF4B-00C04F79EFBC}") = "Bulky.DataAccess", "Bulky.DataAccess\Bulky.DataAccess.csproj", "{EAFDB4EF-D787-4779-8DB9-8C4EE8B821E8}"
EndProject
Project("{FAE04EC0-301F-11D3-BF4B-00C04F79EFBC}") = "Bulky.Models", "Bulky.Models\Bulky.Models.csproj", "{291D6FBB-7C92-4231-948C-B9C80A7D71D8}"
EndProject
Project("{FAE04EC0-301F-11D3-BF4B-00C04F79EFBC}") = "Bulky.Utility", "Bulky.Utility\Bulky.Utility.csproj", "{5707988A-3FB0-446F-A0DD-B5ED80D88569}"
EndProject
Global
	GlobalSection(SolutionConfigurationPlatforms) = preSolution
		Debug|Any CPU = Debug|Any CPU
		Release|Any CPU = Release|Any CPU
	EndGlobalSection
	GlobalSection(ProjectConfigurationPlatforms) = postSolution
		{FD53034D-9062-4CD5-A722-E0AB84DAAE50}.Debug|Any CPU.ActiveCfg = Debug|Any CPU
		{FD53034D-9062-4CD5-A722-E0AB84DAAE50}.Debug|Any CPU.Build.0 = Debug|Any CPU
		{FD53034D-9062-4CD5-A722-E0AB84DAAE50}.Release|Any CPU.ActiveCfg = Release|Any CPU
		{FD53034D-9062-4CD5-A722-E0AB84DAAE50}.Release|Any CPU.Build.0 = Release|Any CPU
		{EAFDB4EF-D787-4779-8DB9-8C4EE8B821E8}.Debug|Any CPU.ActiveCfg = Debug|Any CPU
		{EAFDB4EF-D787-4779-8DB9-8C4EE8B821E8}.Debug|Any CPU.Build.0 = Debug|Any CPU
		{EAFDB4EF-D787-4779-8DB9-8C4EE8B821E8}.Release|Any CPU.ActiveCfg = Release|Any CPU
		{EAFDB4EF-D787-4779-8DB9-8C4EE8B821E8}.Release|Any CPU.Build.0 = Release|Any CPU
		{291D6FBB-7C92-4231-948C-B9C80A7D71D8}.Debug|Any CPU.ActiveCfg = Debug|Any CPU
		{291D6FBB-7C92-4231-948C-B9C80A7D71D8}.Debug|Any CPU.Build.0 = Debug|Any CPU
		{291D6FBB-7C92-4231-948C-B9C80A7D71D8}.Release|Any CPU.ActiveCfg = Release|Any CPU
		{291D6FBB-7C92-4231-948C-B9C80A7D71D8}.Release|Any CPU.Build.0 = Release|Any CPU
		{5707988A-3FB0-446F-A0DD-B5ED80D88569}.Debug|Any CPU.ActiveCfg = Debug|Any CPU
		{5707988A-3FB0-446F-A0DD-B5ED80D88569}.Debug|Any CPU.Build.0 = Debug|Any CPU
		{5707988A-3FB0-446F-A0DD-B5ED80D88569}.Release|Any CPU.ActiveCfg = Release|Any CPU
		{5707988A-3FB0-446F-A0DD-B5ED80D88569}.Release|Any CPU.Build.0 = Release|Any CPU
	EndGlobalSection
	GlobalSection(SolutionProperties) = preSolution
		HideSolutionNode = FALSE
	EndGlobalSection
	GlobalSection(ExtensibilityGlobals) = postSolution
		SolutionGuid = {5E1C1636-29C2-4EC3-9C12-03597B768200}
	EndGlobalSection
EndGlobal
